# This file is generated by running "yarn install" inside your project.
# Manual changes might be lost - proceed with caution!

__metadata:
  version: 6
  cacheKey: 8

"dotenv@npm:^16.0.3":
  version: 16.0.3
  resolution: "dotenv@npm:16.0.3"
  checksum: afcf03f373d7a6d62c7e9afea6328e62851d627a4e73f2e12d0a8deae1cd375892004f3021883f8aec85932cd2834b091f568ced92b4774625b321db83b827f8
  languageName: node
  linkType: hard

"ie-bacalhau@workspace:.":
  version: 0.0.0-use.local
  resolution: "ie-bacalhau@workspace:."
  languageName: unknown
  linkType: soft

"off-chain@workspace:*, off-chain@workspace:packages/off-chain":
  version: 0.0.0-use.local
  resolution: "off-chain@workspace:packages/off-chain"
  dependencies:
    dotenv: ^16.0.3
    on-chain: "workspace:*"
  languageName: unknown
  linkType: soft

"on-chain@workspace:*, on-chain@workspace:packages/on-chain":
  version: 0.0.0-use.local
  resolution: "on-chain@workspace:packages/on-chain"
  dependencies:
    dotenv: ^16.0.3
    off-chain: "workspace:*"
  languageName: unknown
  linkType: soft
